
Microsoft Visual Studio Solution File, Format Version 12.00
# Visual Studio 15
Project("{FAE04EC0-301F-11D3-BF4B-00C04F79EFBC}") = "Assembly-CSharp", "Assembly-CSharp.csproj", "{80604B73-B92B-3FAB-4373-979FA5296503}"
EndProject
Project("{FAE04EC0-301F-11D3-BF4B-00C04F79EFBC}") = "Assembly-CSharp-firstpass", "Assembly-CSharp-firstpass.csproj", "{BA006F07-CDCD-F709-EFA7-33E584EA2DAB}"
EndProject
Project("{FAE04EC0-301F-11D3-BF4B-00C04F79EFBC}") = "Assembly-CSharp-Editor-firstpass", "Assembly-CSharp-Editor-firstpass.csproj", "{ED75E012-26C9-4DA9-8B4F-BD4117C8CA12}"
EndProject
Project("{FAE04EC0-301F-11D3-BF4B-00C04F79EFBC}") = "Assembly-CSharp-Editor", "Assembly-CSharp-Editor.csproj", "{CA821174-9D4E-319F-B982-94D3A57D07F2}"
EndProject
Global
	GlobalSection(SolutionConfigurationPlatforms) = preSolution
		Debug|Any CPU = Debug|Any CPU
		Release|Any CPU = Release|Any CPU
	EndGlobalSection
	GlobalSection(ProjectConfigurationPlatforms) = postSolution
		{80604B73-B92B-3FAB-4373-979FA5296503}.Debug|Any CPU.ActiveCfg = Debug|Any CPU
		{80604B73-B92B-3FAB-4373-979FA5296503}.Debug|Any CPU.Build.0 = Debug|Any CPU
		{80604B73-B92B-3FAB-4373-979FA5296503}.Release|Any CPU.ActiveCfg = Release|Any CPU
		{80604B73-B92B-3FAB-4373-979FA5296503}.Release|Any CPU.Build.0 = Release|Any CPU
		{BA006F07-CDCD-F709-EFA7-33E584EA2DAB}.Debug|Any CPU.ActiveCfg = Debug|Any CPU
		{BA006F07-CDCD-F709-EFA7-33E584EA2DAB}.Debug|Any CPU.Build.0 = Debug|Any CPU
		{BA006F07-CDCD-F709-EFA7-33E584EA2DAB}.Release|Any CPU.ActiveCfg = Release|Any CPU
		{BA006F07-CDCD-F709-EFA7-33E584EA2DAB}.Release|Any CPU.Build.0 = Release|Any CPU
		{ED75E012-26C9-4DA9-8B4F-BD4117C8CA12}.Debug|Any CPU.ActiveCfg = Debug|Any CPU
		{ED75E012-26C9-4DA9-8B4F-BD4117C8CA12}.Debug|Any CPU.Build.0 = Debug|Any CPU
		{ED75E012-26C9-4DA9-8B4F-BD4117C8CA12}.Release|Any CPU.ActiveCfg = Release|Any CPU
		{ED75E012-26C9-4DA9-8B4F-BD4117C8CA12}.Release|Any CPU.Build.0 = Release|Any CPU
		{CA821174-9D4E-319F-B982-94D3A57D07F2}.Debug|Any CPU.ActiveCfg = Debug|Any CPU
		{CA821174-9D4E-319F-B982-94D3A57D07F2}.Debug|Any CPU.Build.0 = Debug|Any CPU
		{CA821174-9D4E-319F-B982-94D3A57D07F2}.Release|Any CPU.ActiveCfg = Release|Any CPU
		{CA821174-9D4E-319F-B982-94D3A57D07F2}.Release|Any CPU.Build.0 = Release|Any CPU
	EndGlobalSection
	GlobalSection(SolutionProperties) = preSolution
		HideSolutionNode = FALSE
	EndGlobalSection
EndGlobal
